// !$*UTF8*$!
{
	archiveVersion = 1;
	classes = {
	};
	objectVersion = 56;
	objects = {

/* Begin PBXBuildFile section */
		56A392752B406366001E1D23 /* CarRestaurantApp.swift in Sources */ = {isa = PBXBuildFile; fileRef = 56A392742B406366001E1D23 /* CarRestaurantApp.swift */; };
		56A392772B406366001E1D23 /* ContentView.swift in Sources */ = {isa = PBXBuildFile; fileRef = 56A392762B406366001E1D23 /* ContentView.swift */; };
		56A392792B406368001E1D23 /* Assets.xcassets in Resources */ = {isa = PBXBuildFile; fileRef = 56A392782B406368001E1D23 /* Assets.xcassets */; };
		56A3927C2B406368001E1D23 /* Preview Assets.xcassets in Resources */ = {isa = PBXBuildFile; fileRef = 56A3927B2B406368001E1D23 /* Preview Assets.xcassets */; };
		56A392852B40649D001E1D23 /* Tabs.swift in Sources */ = {isa = PBXBuildFile; fileRef = 56A392842B40649D001E1D23 /* Tabs.swift */; };
		56A392872B4134E0001E1D23 /* MainTabView.swift in Sources */ = {isa = PBXBuildFile; fileRef = 56A392862B4134E0001E1D23 /* MainTabView.swift */; };
		56A3928B2B41A7EA001E1D23 /* MyLocationView.swift in Sources */ = {isa = PBXBuildFile; fileRef = 56A3928A2B41A7EA001E1D23 /* MyLocationView.swift */; };
		56A3928D2B41A7F7001E1D23 /* SearchView.swift in Sources */ = {isa = PBXBuildFile; fileRef = 56A3928C2B41A7F7001E1D23 /* SearchView.swift */; };
		56A392902B41A9A6001E1D23 /* FavoriteView.swift in Sources */ = {isa = PBXBuildFile; fileRef = 56A3928F2B41A9A6001E1D23 /* FavoriteView.swift */; };
		56A392952B41FDB8001E1D23 /* Alamofire in Frameworks */ = {isa = PBXBuildFile; productRef = 56A392942B41FDB8001E1D23 /* Alamofire */; };
		56A392972B42B0CA001E1D23 /* SearchBar.swift in Sources */ = {isa = PBXBuildFile; fileRef = 56A392962B42B0CA001E1D23 /* SearchBar.swift */; };
		56A3929A2B42B2BE001E1D23 /* Extension.swift in Sources */ = {isa = PBXBuildFile; fileRef = 56A392992B42B2BE001E1D23 /* Extension.swift */; };
		56A3929C2B42FE33001E1D23 /* NavigationModifier.swift in Sources */ = {isa = PBXBuildFile; fileRef = 56A3929B2B42FE33001E1D23 /* NavigationModifier.swift */; };
		56A3929E2B430CB2001E1D23 /* MyLocationButtonView.swift in Sources */ = {isa = PBXBuildFile; fileRef = 56A3929D2B430CB2001E1D23 /* MyLocationButtonView.swift */; };
		56A392A02B430CD5001E1D23 /* MyLocationMapView.swift in Sources */ = {isa = PBXBuildFile; fileRef = 56A3929F2B430CD5001E1D23 /* MyLocationMapView.swift */; };
		56A392A22B446602001E1D23 /* Station.swift in Sources */ = {isa = PBXBuildFile; fileRef = 56A392A12B446602001E1D23 /* Station.swift */; };
		56A392A42B446CAD001E1D23 /* FavoriteListView.swift in Sources */ = {isa = PBXBuildFile; fileRef = 56A392A32B446CAD001E1D23 /* FavoriteListView.swift */; };
		56A392A62B446CBC001E1D23 /* FavoriteDetailView.swift in Sources */ = {isa = PBXBuildFile; fileRef = 56A392A52B446CBC001E1D23 /* FavoriteDetailView.swift */; };
		56A392A82B446CCE001E1D23 /* SearchListView.swift in Sources */ = {isa = PBXBuildFile; fileRef = 56A392A72B446CCE001E1D23 /* SearchListView.swift */; };
		56A392AA2B446CDC001E1D23 /* SearchDetailView.swift in Sources */ = {isa = PBXBuildFile; fileRef = 56A392A92B446CDC001E1D23 /* SearchDetailView.swift */; };
/* End PBXBuildFile section */

/* Begin PBXFileReference section */
		56A392712B406366001E1D23 /* CarRestaurant.app */ = {isa = PBXFileReference; explicitFileType = wrapper.application; includeInIndex = 0; path = CarRestaurant.app; sourceTree = BUILT_PRODUCTS_DIR; };
		56A392742B406366001E1D23 /* CarRestaurantApp.swift */ = {isa = PBXFileReference; lastKnownFileType = sourcecode.swift; path = CarRestaurantApp.swift; sourceTree = "<group>"; };
		56A392762B406366001E1D23 /* ContentView.swift */ = {isa = PBXFileReference; lastKnownFileType = sourcecode.swift; path = ContentView.swift; sourceTree = "<group>"; };
		56A392782B406368001E1D23 /* Assets.xcassets */ = {isa = PBXFileReference; lastKnownFileType = folder.assetcatalog; path = Assets.xcassets; sourceTree = "<group>"; };
		56A3927B2B406368001E1D23 /* Preview Assets.xcassets */ = {isa = PBXFileReference; lastKnownFileType = folder.assetcatalog; path = "Preview Assets.xcassets"; sourceTree = "<group>"; };
		56A392842B40649D001E1D23 /* Tabs.swift */ = {isa = PBXFileReference; lastKnownFileType = sourcecode.swift; path = Tabs.swift; sourceTree = "<group>"; };
		56A392862B4134E0001E1D23 /* MainTabView.swift */ = {isa = PBXFileReference; lastKnownFileType = sourcecode.swift; path = MainTabView.swift; sourceTree = "<group>"; };
		56A3928A2B41A7EA001E1D23 /* MyLocationView.swift */ = {isa = PBXFileReference; lastKnownFileType = sourcecode.swift; path = MyLocationView.swift; sourceTree = "<group>"; };
		56A3928C2B41A7F7001E1D23 /* SearchView.swift */ = {isa = PBXFileReference; lastKnownFileType = sourcecode.swift; path = SearchView.swift; sourceTree = "<group>"; };
		56A3928F2B41A9A6001E1D23 /* FavoriteView.swift */ = {isa = PBXFileReference; lastKnownFileType = sourcecode.swift; path = FavoriteView.swift; sourceTree = "<group>"; };
		56A392962B42B0CA001E1D23 /* SearchBar.swift */ = {isa = PBXFileReference; lastKnownFileType = sourcecode.swift; path = SearchBar.swift; sourceTree = "<group>"; };
		56A392992B42B2BE001E1D23 /* Extension.swift */ = {isa = PBXFileReference; lastKnownFileType = sourcecode.swift; path = Extension.swift; sourceTree = "<group>"; };
		56A3929B2B42FE33001E1D23 /* NavigationModifier.swift */ = {isa = PBXFileReference; lastKnownFileType = sourcecode.swift; path = NavigationModifier.swift; sourceTree = "<group>"; };
		56A3929D2B430CB2001E1D23 /* MyLocationButtonView.swift */ = {isa = PBXFileReference; lastKnownFileType = sourcecode.swift; path = MyLocationButtonView.swift; sourceTree = "<group>"; };
		56A3929F2B430CD5001E1D23 /* MyLocationMapView.swift */ = {isa = PBXFileReference; lastKnownFileType = sourcecode.swift; path = MyLocationMapView.swift; sourceTree = "<group>"; };
		56A392A12B446602001E1D23 /* Station.swift */ = {isa = PBXFileReference; lastKnownFileType = sourcecode.swift; path = Station.swift; sourceTree = "<group>"; };
		56A392A32B446CAD001E1D23 /* FavoriteListView.swift */ = {isa = PBXFileReference; lastKnownFileType = sourcecode.swift; path = FavoriteListView.swift; sourceTree = "<group>"; };
		56A392A52B446CBC001E1D23 /* FavoriteDetailView.swift */ = {isa = PBXFileReference; lastKnownFileType = sourcecode.swift; path = FavoriteDetailView.swift; sourceTree = "<group>"; };
		56A392A72B446CCE001E1D23 /* SearchListView.swift */ = {isa = PBXFileReference; lastKnownFileType = sourcecode.swift; path = SearchListView.swift; sourceTree = "<group>"; };
		56A392A92B446CDC001E1D23 /* SearchDetailView.swift */ = {isa = PBXFileReference; lastKnownFileType = sourcecode.swift; path = SearchDetailView.swift; sourceTree = "<group>"; };
/* End PBXFileReference section */

/* Begin PBXFrameworksBuildPhase section */
		56A3926E2B406366001E1D23 /* Frameworks */ = {
			isa = PBXFrameworksBuildPhase;
			buildActionMask = 2147483647;
			files = (
				56A392952B41FDB8001E1D23 /* Alamofire in Frameworks */,
			);
			runOnlyForDeploymentPostprocessing = 0;
		};
/* End PBXFrameworksBuildPhase section */

/* Begin PBXGroup section */
		56A392682B406366001E1D23 = {
			isa = PBXGroup;
			children = (
				56A392732B406366001E1D23 /* CarRestaurant */,
				56A392722B406366001E1D23 /* Products */,
			);
			sourceTree = "<group>";
		};
		56A392722B406366001E1D23 /* Products */ = {
			isa = PBXGroup;
			children = (
				56A392712B406366001E1D23 /* CarRestaurant.app */,
			);
			name = Products;
			sourceTree = "<group>";
		};
		56A392732B406366001E1D23 /* CarRestaurant */ = {
			isa = PBXGroup;
			children = (
				56A392982B42B28E001E1D23 /* Extension */,
				56A392922B41AF9F001E1D23 /* ViewModel */,
				56A392912B41AF89001E1D23 /* Model */,
				56A392822B406440001E1D23 /* View */,
				56A392742B406366001E1D23 /* CarRestaurantApp.swift */,
				56A392782B406368001E1D23 /* Assets.xcassets */,
				56A3927A2B406368001E1D23 /* Preview Content */,
			);
			path = CarRestaurant;
			sourceTree = "<group>";
		};
		56A3927A2B406368001E1D23 /* Preview Content */ = {
			isa = PBXGroup;
			children = (
				56A3927B2B406368001E1D23 /* Preview Assets.xcassets */,
			);
			path = "Preview Content";
			sourceTree = "<group>";
		};
		56A392822B406440001E1D23 /* View */ = {
			isa = PBXGroup;
			children = (
				56A3928E2B41A994001E1D23 /* Favorite */,
				56A392892B41A6A9001E1D23 /* Search */,
				56A392882B41A662001E1D23 /* MyLoaction */,
				56A392832B406470001E1D23 /* Tab */,
			);
			path = View;
			sourceTree = "<group>";
		};
		56A392832B406470001E1D23 /* Tab */ = {
			isa = PBXGroup;
			children = (
				56A392762B406366001E1D23 /* ContentView.swift */,
				56A392842B40649D001E1D23 /* Tabs.swift */,
				56A392862B4134E0001E1D23 /* MainTabView.swift */,
			);
			path = Tab;
			sourceTree = "<group>";
		};
		56A392882B41A662001E1D23 /* MyLoaction */ = {
			isa = PBXGroup;
			children = (
				56A3928A2B41A7EA001E1D23 /* MyLocationView.swift */,
				56A3929D2B430CB2001E1D23 /* MyLocationButtonView.swift */,
				56A3929F2B430CD5001E1D23 /* MyLocationMapView.swift */,
			);
			path = MyLoaction;
			sourceTree = "<group>";
		};
		56A392892B41A6A9001E1D23 /* Search */ = {
			isa = PBXGroup;
			children = (
				56A3928C2B41A7F7001E1D23 /* SearchView.swift */,
				56A392962B42B0CA001E1D23 /* SearchBar.swift */,
				56A392A72B446CCE001E1D23 /* SearchListView.swift */,
				56A392A92B446CDC001E1D23 /* SearchDetailView.swift */,
			);
			path = Search;
			sourceTree = "<group>";
		};
		56A3928E2B41A994001E1D23 /* Favorite */ = {
			isa = PBXGroup;
			children = (
				56A3928F2B41A9A6001E1D23 /* FavoriteView.swift */,
				56A392A32B446CAD001E1D23 /* FavoriteListView.swift */,
				56A392A52B446CBC001E1D23 /* FavoriteDetailView.swift */,
			);
			path = Favorite;
			sourceTree = "<group>";
		};
		56A392912B41AF89001E1D23 /* Model */ = {
			isa = PBXGroup;
			children = (
				56A392A12B446602001E1D23 /* Station.swift */,
			);
			path = Model;
			sourceTree = "<group>";
		};
		56A392922B41AF9F001E1D23 /* ViewModel */ = {
			isa = PBXGroup;
			children = (
			);
			path = ViewModel;
			sourceTree = "<group>";
		};
		56A392982B42B28E001E1D23 /* Extension */ = {
			isa = PBXGroup;
			children = (
				56A392992B42B2BE001E1D23 /* Extension.swift */,
				56A3929B2B42FE33001E1D23 /* NavigationModifier.swift */,
			);
			path = Extension;
			sourceTree = "<group>";
		};
/* End PBXGroup section */

/* Begin PBXNativeTarget section */
		56A392702B406366001E1D23 /* CarRestaurant */ = {
			isa = PBXNativeTarget;
			buildConfigurationList = 56A3927F2B406368001E1D23 /* Build configuration list for PBXNativeTarget "CarRestaurant" */;
			buildPhases = (
				56A3926D2B406366001E1D23 /* Sources */,
				56A3926E2B406366001E1D23 /* Frameworks */,
				56A3926F2B406366001E1D23 /* Resources */,
			);
			buildRules = (
			);
			dependencies = (
			);
			name = CarRestaurant;
			packageProductDependencies = (
				56A392942B41FDB8001E1D23 /* Alamofire */,
			);
			productName = CarRestaurant;
			productReference = 56A392712B406366001E1D23 /* CarRestaurant.app */;
			productType = "com.apple.product-type.application";
		};
/* End PBXNativeTarget section */

/* Begin PBXProject section */
		56A392692B406366001E1D23 /* Project object */ = {
			isa = PBXProject;
			attributes = {
				BuildIndependentTargetsInParallel = 1;
				LastSwiftUpdateCheck = 1420;
				LastUpgradeCheck = 1420;
				TargetAttributes = {
					56A392702B406366001E1D23 = {
						CreatedOnToolsVersion = 14.2;
					};
				};
			};
			buildConfigurationList = 56A3926C2B406366001E1D23 /* Build configuration list for PBXProject "CarRestaurant" */;
			compatibilityVersion = "Xcode 14.0";
			developmentRegion = en;
			hasScannedForEncodings = 0;
			knownRegions = (
				en,
				Base,
			);
			mainGroup = 56A392682B406366001E1D23;
			packageReferences = (
				56A392932B41FDB8001E1D23 /* XCRemoteSwiftPackageReference "Alamofire" */,
			);
			productRefGroup = 56A392722B406366001E1D23 /* Products */;
			projectDirPath = "";
			projectRoot = "";
			targets = (
				56A392702B406366001E1D23 /* CarRestaurant */,
			);
		};
/* End PBXProject section */

/* Begin PBXResourcesBuildPhase section */
		56A3926F2B406366001E1D23 /* Resources */ = {
			isa = PBXResourcesBuildPhase;
			buildActionMask = 2147483647;
			files = (
				56A3927C2B406368001E1D23 /* Preview Assets.xcassets in Resources */,
				56A392792B406368001E1D23 /* Assets.xcassets in Resources */,
			);
			runOnlyForDeploymentPostprocessing = 0;
		};
/* End PBXResourcesBuildPhase section */

/* Begin PBXSourcesBuildPhase section */
		56A3926D2B406366001E1D23 /* Sources */ = {
			isa = PBXSourcesBuildPhase;
			buildActionMask = 2147483647;
			files = (
				56A3929E2B430CB2001E1D23 /* MyLocationButtonView.swift in Sources */,
				56A3929A2B42B2BE001E1D23 /* Extension.swift in Sources */,
				56A392772B406366001E1D23 /* ContentView.swift in Sources */,
				56A3929C2B42FE33001E1D23 /* NavigationModifier.swift in Sources */,
				56A392A62B446CBC001E1D23 /* FavoriteDetailView.swift in Sources */,
				56A392AA2B446CDC001E1D23 /* SearchDetailView.swift in Sources */,
				56A3928B2B41A7EA001E1D23 /* MyLocationView.swift in Sources */,
				56A392A22B446602001E1D23 /* Station.swift in Sources */,
				56A392902B41A9A6001E1D23 /* FavoriteView.swift in Sources */,
				56A392752B406366001E1D23 /* CarRestaurantApp.swift in Sources */,
				56A392852B40649D001E1D23 /* Tabs.swift in Sources */,
				56A392972B42B0CA001E1D23 /* SearchBar.swift in Sources */,
				56A392A42B446CAD001E1D23 /* FavoriteListView.swift in Sources */,
				56A392A82B446CCE001E1D23 /* SearchListView.swift in Sources */,
				56A3928D2B41A7F7001E1D23 /* SearchView.swift in Sources */,
				56A392A02B430CD5001E1D23 /* MyLocationMapView.swift in Sources */,
				56A392872B4134E0001E1D23 /* MainTabView.swift in Sources */,
			);
			runOnlyForDeploymentPostprocessing = 0;
		};
/* End PBXSourcesBuildPhase section */

/* Begin XCBuildConfiguration section */
		56A3927D2B406368001E1D23 /* Debug */ = {
			isa = XCBuildConfiguration;
			buildSettings = {
				ALWAYS_SEARCH_USER_PATHS = NO;
				CLANG_ANALYZER_NONNULL = YES;
				CLANG_ANALYZER_NUMBER_OBJECT_CONVERSION = YES_AGGRESSIVE;
				CLANG_CXX_LANGUAGE_STANDARD = "gnu++20";
				CLANG_ENABLE_MODULES = YES;
				CLANG_ENABLE_OBJC_ARC = YES;
				CLANG_ENABLE_OBJC_WEAK = YES;
				CLANG_WARN_BLOCK_CAPTURE_AUTORELEASING = YES;
				CLANG_WARN_BOOL_CONVERSION = YES;
				CLANG_WARN_COMMA = YES;
				CLANG_WARN_CONSTANT_CONVERSION = YES;
				CLANG_WARN_DEPRECATED_OBJC_IMPLEMENTATIONS = YES;
				CLANG_WARN_DIRECT_OBJC_ISA_USAGE = YES_ERROR;
				CLANG_WARN_DOCUMENTATION_COMMENTS = YES;
				CLANG_WARN_EMPTY_BODY = YES;
				CLANG_WARN_ENUM_CONVERSION = YES;
				CLANG_WARN_INFINITE_RECURSION = YES;
				CLANG_WARN_INT_CONVERSION = YES;
				CLANG_WARN_NON_LITERAL_NULL_CONVERSION = YES;
				CLANG_WARN_OBJC_IMPLICIT_RETAIN_SELF = YES;
				CLANG_WARN_OBJC_LITERAL_CONVERSION = YES;
				CLANG_WARN_OBJC_ROOT_CLASS = YES_ERROR;
				CLANG_WARN_QUOTED_INCLUDE_IN_FRAMEWORK_HEADER = YES;
				CLANG_WARN_RANGE_LOOP_ANALYSIS = YES;
				CLANG_WARN_STRICT_PROTOTYPES = YES;
				CLANG_WARN_SUSPICIOUS_MOVE = YES;
				CLANG_WARN_UNGUARDED_AVAILABILITY = YES_AGGRESSIVE;
				CLANG_WARN_UNREACHABLE_CODE = YES;
				CLANG_WARN__DUPLICATE_METHOD_MATCH = YES;
				COPY_PHASE_STRIP = NO;
				DEBUG_INFORMATION_FORMAT = dwarf;
				ENABLE_STRICT_OBJC_MSGSEND = YES;
				ENABLE_TESTABILITY = YES;
				GCC_C_LANGUAGE_STANDARD = gnu11;
				GCC_DYNAMIC_NO_PIC = NO;
				GCC_NO_COMMON_BLOCKS = YES;
				GCC_OPTIMIZATION_LEVEL = 0;
				GCC_PREPROCESSOR_DEFINITIONS = (
					"DEBUG=1",
					"$(inherited)",
				);
				GCC_WARN_64_TO_32_BIT_CONVERSION = YES;
				GCC_WARN_ABOUT_RETURN_TYPE = YES_ERROR;
				GCC_WARN_UNDECLARED_SELECTOR = YES;
				GCC_WARN_UNINITIALIZED_AUTOS = YES_AGGRESSIVE;
				GCC_WARN_UNUSED_FUNCTION = YES;
				GCC_WARN_UNUSED_VARIABLE = YES;
				IPHONEOS_DEPLOYMENT_TARGET = 16.2;
				MTL_ENABLE_DEBUG_INFO = INCLUDE_SOURCE;
				MTL_FAST_MATH = YES;
				ONLY_ACTIVE_ARCH = YES;
				SDKROOT = iphoneos;
				SWIFT_ACTIVE_COMPILATION_CONDITIONS = DEBUG;
				SWIFT_OPTIMIZATION_LEVEL = "-Onone";
			};
			name = Debug;
		};
		56A3927E2B406368001E1D23 /* Release */ = {
			isa = XCBuildConfiguration;
			buildSettings = {
				ALWAYS_SEARCH_USER_PATHS = NO;
				CLANG_ANALYZER_NONNULL = YES;
				CLANG_ANALYZER_NUMBER_OBJECT_CONVERSION = YES_AGGRESSIVE;
				CLANG_CXX_LANGUAGE_STANDARD = "gnu++20";
				CLANG_ENABLE_MODULES = YES;
				CLANG_ENABLE_OBJC_ARC = YES;
				CLANG_ENABLE_OBJC_WEAK = YES;
				CLANG_WARN_BLOCK_CAPTURE_AUTORELEASING = YES;
				CLANG_WARN_BOOL_CONVERSION = YES;
				CLANG_WARN_COMMA = YES;
				CLANG_WARN_CONSTANT_CONVERSION = YES;
				CLANG_WARN_DEPRECATED_OBJC_IMPLEMENTATIONS = YES;
				CLANG_WARN_DIRECT_OBJC_ISA_USAGE = YES_ERROR;
				CLANG_WARN_DOCUMENTATION_COMMENTS = YES;
				CLANG_WARN_EMPTY_BODY = YES;
				CLANG_WARN_ENUM_CONVERSION = YES;
				CLANG_WARN_INFINITE_RECURSION = YES;
				CLANG_WARN_INT_CONVERSION = YES;
				CLANG_WARN_NON_LITERAL_NULL_CONVERSION = YES;
				CLANG_WARN_OBJC_IMPLICIT_RETAIN_SELF = YES;
				CLANG_WARN_OBJC_LITERAL_CONVERSION = YES;
				CLANG_WARN_OBJC_ROOT_CLASS = YES_ERROR;
				CLANG_WARN_QUOTED_INCLUDE_IN_FRAMEWORK_HEADER = YES;
				CLANG_WARN_RANGE_LOOP_ANALYSIS = YES;
				CLANG_WARN_STRICT_PROTOTYPES = YES;
				CLANG_WARN_SUSPICIOUS_MOVE = YES;
				CLANG_WARN_UNGUARDED_AVAILABILITY = YES_AGGRESSIVE;
				CLANG_WARN_UNREACHABLE_CODE = YES;
				CLANG_WARN__DUPLICATE_METHOD_MATCH = YES;
				COPY_PHASE_STRIP = NO;
				DEBUG_INFORMATION_FORMAT = "dwarf-with-dsym";
				ENABLE_NS_ASSERTIONS = NO;
				ENABLE_STRICT_OBJC_MSGSEND = YES;
				GCC_C_LANGUAGE_STANDARD = gnu11;
				GCC_NO_COMMON_BLOCKS = YES;
				GCC_WARN_64_TO_32_BIT_CONVERSION = YES;
				GCC_WARN_ABOUT_RETURN_TYPE = YES_ERROR;
				GCC_WARN_UNDECLARED_SELECTOR = YES;
				GCC_WARN_UNINITIALIZED_AUTOS = YES_AGGRESSIVE;
				GCC_WARN_UNUSED_FUNCTION = YES;
				GCC_WARN_UNUSED_VARIABLE = YES;
				IPHONEOS_DEPLOYMENT_TARGET = 16.2;
				MTL_ENABLE_DEBUG_INFO = NO;
				MTL_FAST_MATH = YES;
				SDKROOT = iphoneos;
				SWIFT_COMPILATION_MODE = wholemodule;
				SWIFT_OPTIMIZATION_LEVEL = "-O";
				VALIDATE_PRODUCT = YES;
			};
			name = Release;
		};
		56A392802B406368001E1D23 /* Debug */ = {
			isa = XCBuildConfiguration;
			buildSettings = {
				ASSETCATALOG_COMPILER_APPICON_NAME = AppIcon;
				ASSETCATALOG_COMPILER_GLOBAL_ACCENT_COLOR_NAME = AccentColor;
				CODE_SIGN_STYLE = Automatic;
				CURRENT_PROJECT_VERSION = 1;
				DEVELOPMENT_ASSET_PATHS = "\"CarRestaurant/Preview Content\"";
				DEVELOPMENT_TEAM = K6S94WMQ9X;
				ENABLE_PREVIEWS = YES;
				GENERATE_INFOPLIST_FILE = YES;
				INFOPLIST_KEY_UIApplicationSceneManifest_Generation = YES;
				INFOPLIST_KEY_UIApplicationSupportsIndirectInputEvents = YES;
				INFOPLIST_KEY_UILaunchScreen_Generation = YES;
				INFOPLIST_KEY_UISupportedInterfaceOrientations_iPad = "UIInterfaceOrientationPortrait UIInterfaceOrientationPortraitUpsideDown UIInterfaceOrientationLandscapeLeft UIInterfaceOrientationLandscapeRight";
				INFOPLIST_KEY_UISupportedInterfaceOrientations_iPhone = "UIInterfaceOrientationPortrait UIInterfaceOrientationLandscapeLeft UIInterfaceOrientationLandscapeRight";
				LD_RUNPATH_SEARCH_PATHS = (
					"$(inherited)",
					"@executable_path/Frameworks",
				);
				MARKETING_VERSION = 1.0;
				PRODUCT_BUNDLE_IDENTIFIER = net.park.CarRestaurant;
				PRODUCT_NAME = "$(TARGET_NAME)";
				SWIFT_EMIT_LOC_STRINGS = YES;
				SWIFT_VERSION = 5.0;
				TARGETED_DEVICE_FAMILY = "1,2";
			};
			name = Debug;
		};
		56A392812B406368001E1D23 /* Release */ = {
			isa = XCBuildConfiguration;
			buildSettings = {
				ASSETCATALOG_COMPILER_APPICON_NAME = AppIcon;
				ASSETCATALOG_COMPILER_GLOBAL_ACCENT_COLOR_NAME = AccentColor;
				CODE_SIGN_STYLE = Automatic;
				CURRENT_PROJECT_VERSION = 1;
				DEVELOPMENT_ASSET_PATHS = "\"CarRestaurant/Preview Content\"";
				DEVELOPMENT_TEAM = K6S94WMQ9X;
				ENABLE_PREVIEWS = YES;
				GENERATE_INFOPLIST_FILE = YES;
				INFOPLIST_KEY_UIApplicationSceneManifest_Generation = YES;
				INFOPLIST_KEY_UIApplicationSupportsIndirectInputEvents = YES;
				INFOPLIST_KEY_UILaunchScreen_Generation = YES;
				INFOPLIST_KEY_UISupportedInterfaceOrientations_iPad = "UIInterfaceOrientationPortrait UIInterfaceOrientationPortraitUpsideDown UIInterfaceOrientationLandscapeLeft UIInterfaceOrientationLandscapeRight";
				INFOPLIST_KEY_UISupportedInterfaceOrientations_iPhone = "UIInterfaceOrientationPortrait UIInterfaceOrientationLandscapeLeft UIInterfaceOrientationLandscapeRight";
				LD_RUNPATH_SEARCH_PATHS = (
					"$(inherited)",
					"@executable_path/Frameworks",
				);
				MARKETING_VERSION = 1.0;
				PRODUCT_BUNDLE_IDENTIFIER = net.park.CarRestaurant;
				PRODUCT_NAME = "$(TARGET_NAME)";
				SWIFT_EMIT_LOC_STRINGS = YES;
				SWIFT_VERSION = 5.0;
				TARGETED_DEVICE_FAMILY = "1,2";
			};
			name = Release;
		};
/* End XCBuildConfiguration section */

/* Begin XCConfigurationList section */
		56A3926C2B406366001E1D23 /* Build configuration list for PBXProject "CarRestaurant" */ = {
			isa = XCConfigurationList;
			buildConfigurations = (
				56A3927D2B406368001E1D23 /* Debug */,
				56A3927E2B406368001E1D23 /* Release */,
			);
			defaultConfigurationIsVisible = 0;
			defaultConfigurationName = Release;
		};
		56A3927F2B406368001E1D23 /* Build configuration list for PBXNativeTarget "CarRestaurant" */ = {
			isa = XCConfigurationList;
			buildConfigurations = (
				56A392802B406368001E1D23 /* Debug */,
				56A392812B406368001E1D23 /* Release */,
			);
			defaultConfigurationIsVisible = 0;
			defaultConfigurationName = Release;
		};
/* End XCConfigurationList section */

/* Begin XCRemoteSwiftPackageReference section */
		56A392932B41FDB8001E1D23 /* XCRemoteSwiftPackageReference "Alamofire" */ = {
			isa = XCRemoteSwiftPackageReference;
			repositoryURL = "https://github.com/Alamofire/Alamofire.git";
			requirement = {
				kind = upToNextMajorVersion;
				minimumVersion = 5.0.0;
			};
		};
/* End XCRemoteSwiftPackageReference section */

/* Begin XCSwiftPackageProductDependency section */
		56A392942B41FDB8001E1D23 /* Alamofire */ = {
			isa = XCSwiftPackageProductDependency;
			package = 56A392932B41FDB8001E1D23 /* XCRemoteSwiftPackageReference "Alamofire" */;
			productName = Alamofire;
		};
/* End XCSwiftPackageProductDependency section */
	};
	rootObject = 56A392692B406366001E1D23 /* Project object */;
}
